{
  "version": 4,
  "terraform_version": "1.1.7",
  "serial": 6,
  "lineage": "108f0715-8335-184c-eb73-a7cd89bc8395",
  "outputs": {},
  "resources": [
    {
      "mode": "managed",
      "type": "google_container_cluster",
      "name": "default",
      "provider": "provider[\"registry.terraform.io/hashicorp/google\"]",
      "instances": [
        {
          "schema_version": 1,
          "attributes": {
            "addons_config": [
              {
                "cloudrun_config": [],
                "horizontal_pod_autoscaling": [],
                "http_load_balancing": [],
                "network_policy_config": [
                  {
                    "disabled": true
                  }
                ]
              }
            ],
            "authenticator_groups_config": [],
            "cluster_autoscaling": [
              {
                "auto_provisioning_defaults": [],
                "enabled": false,
                "resource_limits": []
              }
            ],
            "cluster_ipv4_cidr": "10.52.0.0/14",
            "database_encryption": [
              {
                "key_name": "",
                "state": "DECRYPTED"
              }
            ],
            "default_max_pods_per_node": 110,
            "description": "GKE Cluster",
            "enable_binary_authorization": false,
            "enable_intranode_visibility": null,
            "enable_kubernetes_alpha": false,
            "enable_legacy_abac": false,
            "enable_shielded_nodes": false,
            "enable_tpu": null,
            "endpoint": "34.107.75.231",
            "id": "projects/idyllic-silicon-343409/locations/europe-west3-a/clusters/monitoring-cluster",
            "initial_node_count": 1,
            "instance_group_urls": [],
            "ip_allocation_policy": [
              {
                "cluster_ipv4_cidr_block": "10.52.0.0/14",
                "cluster_secondary_range_name": "gke-monitoring-cluster-pods-681caab0",
                "services_ipv4_cidr_block": "10.56.0.0/20",
                "services_secondary_range_name": "gke-monitoring-cluster-services-681caab0"
              }
            ],
            "label_fingerprint": "a9dc16a7",
            "location": "europe-west3-a",
            "logging_service": "logging.googleapis.com/kubernetes",
            "maintenance_policy": [],
            "master_auth": [
              {
                "client_certificate": "",
                "client_certificate_config": [
                  {
                    "issue_client_certificate": false
                  }
                ],
                "client_key": "",
                "cluster_ca_certificate": "LS0tLS1CRUdJTiBDRVJUSUZJQ0FURS0tLS0tCk1JSUVMVENDQXBXZ0F3SUJBZ0lSQU1OeDFMVGFmTjZSbEZ3MjZyTVZjMUl3RFFZSktvWklodmNOQVFFTEJRQXcKTHpFdE1Dc0dBMVVFQXhNa1lXRXpNV1UxWlRNdE5qZGxOeTAwT0RkaUxUazRPRGd0TmpjMk5qazVOekEzTTJaawpNQ0FYRFRJeU1EVXdOVEE0TXpjeE5Wb1lEekl3TlRJd05ESTNNRGt6TnpFMVdqQXZNUzB3S3dZRFZRUURFeVJoCllUTXhaVFZsTXkwMk4yVTNMVFE0TjJJdE9UZzRPQzAyTnpZMk9UazNNRGN6Wm1Rd2dnR2lNQTBHQ1NxR1NJYjMKRFFFQkFRVUFBNElCandBd2dnR0tBb0lCZ1FDNXZoMWVOZE5XV2RpWmZrMXZOU0pmMHBZNDVrU0ZLdU1xbWFsNQpNMExPVE5BWWtxR1JJZ01Cem94WEVJam9lMllNWWNPR2ZKTytoL29rSFRmZTJKMlJ6aWNxSjNmclFKemllMy92CnJqcTZiNlZ5V1BzVXR6MnVocytMbC8rL2REc3ZSZWdjZEQvZSszM3d6bU03SVNNZU9Xa1UycGJOdHpnaCtCbkIKYXpXNzYxNkpnUDF4VEs2Um5HazVBaUdnV2pyeERrcGRJMkpDaXkvQ2xtcEJvZGM1MG9FdFpwV0RCMTU4aWFOYwo4OU1KSnhQVzhwS1lHamlUNnJIWjFHdGE5UkJndTZ3cjZzdFRWQWhpcERraEQzY2dQcU9QRm5rSWx3Y3Z3TytiCkdHd3JjMmhhcGFoempYU2JnQXJnWVZ4bFNRMXNUOEo0QVA1dThsM3pJZC8xWGdaRXVaaHpSUFVjTzB5MUkzMXMKVUVaRDZ6ekNUdzBWQ3RYdHpYUGNrZEpFa01HSkFRVFlTTU5TV2YzMUc3UUV2WE9wNFY0aTFHQVV1SHJMSEcrZQpnL21TYVpnenpDaU1VOERVNXo4dEw2ZVhYUDJlVVJ3TVNFZm1FSkhDVWM0cHRQVlpUbXBpYUZndjRzWFhUeXdMCmN2RE44SUxXMStBNW55Mm9pZWlMZi9YQk9mRUNBd0VBQWFOQ01FQXdEZ1lEVlIwUEFRSC9CQVFEQWdJRU1BOEcKQTFVZEV3RUIvd1FGTUFNQkFmOHdIUVlEVlIwT0JCWUVGRVM2TXNZcjc0SjFZcWo3bXBEdEJtc0Zwc0F0TUEwRwpDU3FHU0liM0RRRUJDd1VBQTRJQmdRQU9hamhySkpaK1F3QnNqWTI1NjRBaldQMHdmWFFlYzRnU0dUeFRoZHFQCjBabDA0SVE3ajkwRTViR3hGZmJ1eDUrdUJkcnRnS25lQTFxVFVGTTNDMzNUR2s2RFkrTk15K1Z2Zm01NXhSejAKRFFDTHdrbjNJTTZ5MXFVQS81Vm1iVzg2SUhudHM3UDBQZ0NYS2hsbzRrVktTRk9ZYmZ3dkIydmVQZ3pvMkl0VgpCRWpER3BOS0Y1eFAyTUNvaVhMK2grZ2dCcjdKRGswbzNuNmVMS3RXcmwyam5mUWNXWTlTTUVQMlFZMG9vSkNUClJheHVNbDFUNXJuRVoySFp6cHcwdmZwaUsxWDA0VWlmUGI0VjhsSnZVWW5BcFU5REhncDIvVHVwOW0wNy9BeHEKdHZIbUQxU3Y4bUJhaktZbTlrNWpJL016SndVemg0UXFodmJpdFROTkRoYWxHSkVPMFU4cjIwL01kd1pxYnJrdgpuYk1sMm1vM2hCSDEzbFhBNm9lUjRMRUIrNDdnNUVyWEZmbm1POFpnRG1sV1dXQkZGdU1GRHdHYkxMOS80aU5BCmdPd25QN3VBVXdNYjc4NVhoOWpQb1d6MW9KTmxETWowaGVwQmhadjZrMWluQTljQTlHY3liSDJtTi9GMWF4T1oKTWpHcm5LbGhEUFRIT3J2S1FjWUtiOUE9Ci0tLS0tRU5EIENFUlRJRklDQVRFLS0tLS0K",
                "password": "",
                "username": ""
              }
            ],
            "master_authorized_networks_config": [],
            "master_version": "1.21.10-gke.2000",
            "min_master_version": null,
            "monitoring_service": "monitoring.googleapis.com/kubernetes",
            "name": "monitoring-cluster",
            "network": "projects/idyllic-silicon-343409/global/networks/default",
            "network_policy": [
              {
                "enabled": false,
                "provider": "PROVIDER_UNSPECIFIED"
              }
            ],
            "node_config": [],
            "node_locations": [],
            "node_pool": [],
            "node_version": "1.21.10-gke.2000",
            "operation": null,
            "pod_security_policy_config": [],
            "private_cluster_config": [],
            "project": "idyllic-silicon-343409",
            "release_channel": [
              {
                "channel": "REGULAR"
              }
            ],
            "remove_default_node_pool": true,
            "resource_labels": null,
            "resource_usage_export_config": [],
            "self_link": "https://container.googleapis.com/v1beta1/projects/idyllic-silicon-343409/zones/europe-west3-a/clusters/monitoring-cluster",
            "services_ipv4_cidr": "10.56.0.0/20",
            "subnetwork": "projects/idyllic-silicon-343409/regions/europe-west3/subnetworks/default",
            "timeouts": null,
            "vertical_pod_autoscaling": [],
            "workload_identity_config": []
          },
          "sensitive_attributes": [],
          "private": "eyJlMmJmYjczMC1lY2FhLTExZTYtOGY4OC0zNDM2M2JjN2M0YzAiOnsiY3JlYXRlIjoyNDAwMDAwMDAwMDAwLCJkZWxldGUiOjI0MDAwMDAwMDAwMDAsInJlYWQiOjI0MDAwMDAwMDAwMDAsInVwZGF0ZSI6MzYwMDAwMDAwMDAwMH0sInNjaGVtYV92ZXJzaW9uIjoiMSJ9"
        }
      ]
    },
    {
      "mode": "managed",
      "type": "google_container_node_pool",
      "name": "default",
      "provider": "provider[\"registry.terraform.io/hashicorp/google\"]",
      "instances": [
        {
          "schema_version": 1,
          "attributes": {
            "autoscaling": [],
            "cluster": "monitoring-cluster",
            "id": "projects/idyllic-silicon-343409/locations/europe-west3-a/clusters/monitoring-cluster/nodePools/monitoring-cluster-node-pool",
            "initial_node_count": 1,
            "instance_group_urls": [
              "https://www.googleapis.com/compute/v1/projects/idyllic-silicon-343409/zones/europe-west3-a/instanceGroupManagers/gke-monitoring-clust-monitoring-clust-d2287e02-grp"
            ],
            "location": "europe-west3-a",
            "management": [
              {
                "auto_repair": true,
                "auto_upgrade": true
              }
            ],
            "max_pods_per_node": 110,
            "name": "monitoring-cluster-node-pool",
            "name_prefix": "",
            "node_config": [
              {
                "disk_size_gb": 100,
                "disk_type": "pd-standard",
                "guest_accelerator": [],
                "image_type": "COS_CONTAINERD",
                "labels": {},
                "local_ssd_count": 0,
                "machine_type": "e2-standard-8",
                "metadata": {
                  "disable-legacy-endpoints": "true"
                },
                "min_cpu_platform": "",
                "oauth_scopes": [
                  "https://www.googleapis.com/auth/cloud-platform",
                  "https://www.googleapis.com/auth/logging.write",
                  "https://www.googleapis.com/auth/monitoring"
                ],
                "preemptible": true,
                "service_account": "default",
                "shielded_instance_config": [
                  {
                    "enable_integrity_monitoring": true,
                    "enable_secure_boot": false
                  }
                ],
                "tags": null,
                "taint": [],
                "workload_metadata_config": []
              }
            ],
            "node_count": 1,
            "node_locations": [
              "europe-west3-a"
            ],
            "project": "idyllic-silicon-343409",
            "timeouts": null,
            "upgrade_settings": [
              {
                "max_surge": 1,
                "max_unavailable": 0
              }
            ],
            "version": "1.21.10-gke.2000"
          },
          "sensitive_attributes": [],
          "private": "eyJlMmJmYjczMC1lY2FhLTExZTYtOGY4OC0zNDM2M2JjN2M0YzAiOnsiY3JlYXRlIjoxODAwMDAwMDAwMDAwLCJkZWxldGUiOjE4MDAwMDAwMDAwMDAsInVwZGF0ZSI6MTgwMDAwMDAwMDAwMH0sInNjaGVtYV92ZXJzaW9uIjoiMSJ9",
          "dependencies": [
            "google_container_cluster.default"
          ]
        }
      ]
    }
  ]
}
