{
  "version": 4,
  "terraform_version": "1.1.7",
  "serial": 3,
  "lineage": "108f0715-8335-184c-eb73-a7cd89bc8395",
  "outputs": {},
  "resources": [
    {
      "mode": "managed",
      "type": "google_container_cluster",
      "name": "default",
      "provider": "provider[\"registry.terraform.io/hashicorp/google\"]",
      "instances": [
        {
          "schema_version": 1,
          "attributes": {
            "addons_config": [
              {
                "cloudrun_config": [],
                "horizontal_pod_autoscaling": [],
                "http_load_balancing": [],
                "network_policy_config": [
                  {
                    "disabled": true
                  }
                ]
              }
            ],
            "authenticator_groups_config": [],
            "cluster_autoscaling": [
              {
                "auto_provisioning_defaults": [],
                "enabled": false,
                "resource_limits": []
              }
            ],
            "cluster_ipv4_cidr": "10.52.0.0/14",
            "database_encryption": [
              {
                "key_name": "",
                "state": "DECRYPTED"
              }
            ],
            "default_max_pods_per_node": 110,
            "description": "GKE Cluster",
            "enable_binary_authorization": false,
            "enable_intranode_visibility": null,
            "enable_kubernetes_alpha": false,
            "enable_legacy_abac": false,
            "enable_shielded_nodes": false,
            "enable_tpu": null,
            "endpoint": "35.242.250.68",
            "id": "projects/idyllic-silicon-343409/locations/europe-west3-a/clusters/monitoring-cluster",
            "initial_node_count": 1,
            "instance_group_urls": [],
            "ip_allocation_policy": [
              {
                "cluster_ipv4_cidr_block": "10.52.0.0/14",
                "cluster_secondary_range_name": "gke-monitoring-cluster-pods-b421f23b",
                "services_ipv4_cidr_block": "10.56.0.0/20",
                "services_secondary_range_name": "gke-monitoring-cluster-services-b421f23b"
              }
            ],
            "label_fingerprint": "a9dc16a7",
            "location": "europe-west3-a",
            "logging_service": "logging.googleapis.com/kubernetes",
            "maintenance_policy": [],
            "master_auth": [
              {
                "client_certificate": "",
                "client_certificate_config": [
                  {
                    "issue_client_certificate": false
                  }
                ],
                "client_key": "",
                "cluster_ca_certificate": "LS0tLS1CRUdJTiBDRVJUSUZJQ0FURS0tLS0tCk1JSUVMVENDQXBXZ0F3SUJBZ0lSQVBpTitZQTNNaTA1OUlpcmRjZUc5RmN3RFFZSktvWklodmNOQVFFTEJRQXcKTHpFdE1Dc0dBMVVFQXhNa1pHVm1NalJpWmpZdFkyVmlPUzAwWldNMkxXRmtaV010TmpBd05qRmhNR1JtT0dOaApNQ0FYRFRJeU1EVXdNekl3TURBeE0xb1lEekl3TlRJd05ESTFNakV3TURFeldqQXZNUzB3S3dZRFZRUURFeVJrClpXWXlOR0ptTmkxalpXSTVMVFJsWXpZdFlXUmxZeTAyTURBMk1XRXdaR1k0WTJFd2dnR2lNQTBHQ1NxR1NJYjMKRFFFQkFRVUFBNElCandBd2dnR0tBb0lCZ1FEbWExejdmZzdRMVQza1BVK0tiZHV3c0ZCUTZQZk96VGZMUXhPSgpHbGU4bmxsellRY2JwZ1BSUmlEdFFwN0tvN1o4LzhseDJyaXE4aCtKK3FLcC9zVjRoRC90RVV1UnRTRUlsU0VTCk1MOHd4TDR6Sk40Unp1aFlmUHVvM2ZES29LZ1VPZ2V2cFpXZURJaW9WeWZNREJHMkNPVEM1WEhFL2Z4WGVyVEQKK3lZaVcyL1B4b2FmYS9oVTBWTEFialpGK3R0c0ovRGNwREsxdld1R3FHdS9wTUNzQWhCRURXSjkwL3ZmVytiOApMbGRpVk5CTmU3K2FNWHZjdzdvV1F4Ukx4WVRsVGlCM2QzL0s4V3N3MU5neHVQajNiOXRTZmtoNWlWeEZXd2NmClFldkNoTlg0TFlHdlgzaXdjeFFZVXZzSVdRK012aGp6Q0N2cTJKZGREd3J0dnlzZXQ4ZWkwS1IydE9UNCtzTksKZ05tOWZYRkM0b1dEQitBdG1Jbm9BTE12b3hXd0I2d0xpRWdXRm9CblErMjNDazVXRzF1YW00S2REN1VUaDNVbwpFWFV3cVJXOWZ5Z1kxMTZEUGZVaUpxbFl2Wm9yb1pUMW9IWXJBQkxtZTFZVEwxdFlucElXM1BTemtUckg4eWJhCkt5N2I3NHFTNTBUSWordEFyYTF3K3pUWDkyRUNBd0VBQWFOQ01FQXdEZ1lEVlIwUEFRSC9CQVFEQWdJRU1BOEcKQTFVZEV3RUIvd1FGTUFNQkFmOHdIUVlEVlIwT0JCWUVGRm1xYjdzNlU3YXF3NjUveXZjKzR1bWU1RmwvTUEwRwpDU3FHU0liM0RRRUJDd1VBQTRJQmdRQjRuVEROUWFMck9kZ2kvMGhGdTJRenJZQUlVNkxIRkVZUHk3Q3pNUkMrCmtVcXZsOWN0T3ZMK0RyVm9NTFhvc0FDNEl0QkVvbXk3QWFXSy9oMjZKY0VEUlpHZm9FTzM0dVFvOGVNbEttN04Kb1YwYWtmWnRhZ1J6dGVPTG01WHI2cUgvQWlSUmhqT2xOdmw3cnpIVG15Wjc5YkhKUXVERWY5SW5tVHhkT1N3UQpSaHRGMHF2djN5T1ZrSi84VmErTTI3TTNEM0I2WkFmbS9LQktnUGlaMEttQkxMalZ4VUgyRkIrd1pOSUtNOVdlCll1WWw2d0swRjNjL3BGYWpUeVlUTUxsSVVqYm4vMmJhdzloTUZ6YXlEbURLSWJFZUFPU2g0b3RZYXVVelNBTmgKLy9aVFh5d05IYytCNmpDNmV0VXVQS09nRTZVZ0dNMXgrc3laU294eEJOZFZ5aUt3TW0xZGRaVkFTcS9RWDk3Sgo4ekcwNy9teGFOMDNnL0xMMGd2cXM3TjljcVlabG1BU2lBSENyOTdQK1Jxa3BEUmdDd2VSUFRORFVlQnd1cWsvCkJvUm1EN2xYM3FiTnNRVGtwQnAvMlcvbVJuNVY4aUpIVnkwS3VJcG5PM0FxazRlNGpNUUJEbDR0Mkg3c0xIVFMKNk1HOGtDSGxvZ2w3WjM4Rit4L1ZvUHc9Ci0tLS0tRU5EIENFUlRJRklDQVRFLS0tLS0K",
                "password": "",
                "username": ""
              }
            ],
            "master_authorized_networks_config": [],
            "master_version": "1.21.10-gke.2000",
            "min_master_version": null,
            "monitoring_service": "monitoring.googleapis.com/kubernetes",
            "name": "monitoring-cluster",
            "network": "projects/idyllic-silicon-343409/global/networks/default",
            "network_policy": [
              {
                "enabled": false,
                "provider": "PROVIDER_UNSPECIFIED"
              }
            ],
            "node_config": [],
            "node_locations": [],
            "node_pool": [],
            "node_version": "1.21.10-gke.2000",
            "operation": null,
            "pod_security_policy_config": [],
            "private_cluster_config": [],
            "project": "idyllic-silicon-343409",
            "release_channel": [
              {
                "channel": "REGULAR"
              }
            ],
            "remove_default_node_pool": true,
            "resource_labels": null,
            "resource_usage_export_config": [],
            "self_link": "https://container.googleapis.com/v1beta1/projects/idyllic-silicon-343409/zones/europe-west3-a/clusters/monitoring-cluster",
            "services_ipv4_cidr": "10.56.0.0/20",
            "subnetwork": "projects/idyllic-silicon-343409/regions/europe-west3/subnetworks/default",
            "timeouts": null,
            "vertical_pod_autoscaling": [],
            "workload_identity_config": []
          },
          "sensitive_attributes": [],
          "private": "eyJlMmJmYjczMC1lY2FhLTExZTYtOGY4OC0zNDM2M2JjN2M0YzAiOnsiY3JlYXRlIjoyNDAwMDAwMDAwMDAwLCJkZWxldGUiOjI0MDAwMDAwMDAwMDAsInJlYWQiOjI0MDAwMDAwMDAwMDAsInVwZGF0ZSI6MzYwMDAwMDAwMDAwMH0sInNjaGVtYV92ZXJzaW9uIjoiMSJ9"
        }
      ]
    },
    {
      "mode": "managed",
      "type": "google_container_node_pool",
      "name": "default",
      "provider": "provider[\"registry.terraform.io/hashicorp/google\"]",
      "instances": [
        {
          "schema_version": 1,
          "attributes": {
            "autoscaling": [],
            "cluster": "monitoring-cluster",
            "id": "projects/idyllic-silicon-343409/locations/europe-west3-a/clusters/monitoring-cluster/nodePools/monitoring-cluster-node-pool",
            "initial_node_count": 1,
            "instance_group_urls": [
              "https://www.googleapis.com/compute/v1/projects/idyllic-silicon-343409/zones/europe-west3-a/instanceGroupManagers/gke-monitoring-clust-monitoring-clust-48df319b-grp"
            ],
            "location": "europe-west3-a",
            "management": [
              {
                "auto_repair": true,
                "auto_upgrade": true
              }
            ],
            "max_pods_per_node": 110,
            "name": "monitoring-cluster-node-pool",
            "name_prefix": "",
            "node_config": [
              {
                "disk_size_gb": 100,
                "disk_type": "pd-standard",
                "guest_accelerator": [],
                "image_type": "COS_CONTAINERD",
                "labels": {},
                "local_ssd_count": 0,
                "machine_type": "e2-standard-8",
                "metadata": {
                  "disable-legacy-endpoints": "true"
                },
                "min_cpu_platform": "",
                "oauth_scopes": [
                  "https://www.googleapis.com/auth/cloud-platform",
                  "https://www.googleapis.com/auth/logging.write",
                  "https://www.googleapis.com/auth/monitoring"
                ],
                "preemptible": true,
                "service_account": "default",
                "shielded_instance_config": [
                  {
                    "enable_integrity_monitoring": true,
                    "enable_secure_boot": false
                  }
                ],
                "tags": null,
                "taint": [],
                "workload_metadata_config": []
              }
            ],
            "node_count": 1,
            "node_locations": [
              "europe-west3-a"
            ],
            "project": "idyllic-silicon-343409",
            "timeouts": null,
            "upgrade_settings": [
              {
                "max_surge": 1,
                "max_unavailable": 0
              }
            ],
            "version": "1.21.10-gke.2000"
          },
          "sensitive_attributes": [],
          "private": "eyJlMmJmYjczMC1lY2FhLTExZTYtOGY4OC0zNDM2M2JjN2M0YzAiOnsiY3JlYXRlIjoxODAwMDAwMDAwMDAwLCJkZWxldGUiOjE4MDAwMDAwMDAwMDAsInVwZGF0ZSI6MTgwMDAwMDAwMDAwMH0sInNjaGVtYV92ZXJzaW9uIjoiMSJ9",
          "dependencies": [
            "google_container_cluster.default"
          ]
        }
      ]
    }
  ]
}
